
Microsoft Visual Studio Solution File, Format Version 12.00
# Visual Studio Version 16
VisualStudioVersion = 16.0.30907.101
MinimumVisualStudioVersion = 10.0.40219.1
Project("{2150E333-8FDC-42A3-9474-1A3956D46DE8}") = "01_Framework", "01_Framework", "{BD6DA34F-E6AC-475D-B781-C06363587958}"
EndProject
Project("{2150E333-8FDC-42A3-9474-1A3956D46DE8}") = "CalculateGeographical", "CalculateGeographical", "{BB7FF5EF-F283-48A6-8951-5D7FDFDB26E8}"
EndProject
Project("{2150E333-8FDC-42A3-9474-1A3956D46DE8}") = "UserManagement", "UserManagement", "{6639D50A-005E-4ED8-AE54-47179FD8908F}"
EndProject
Project("{FAE04EC0-301F-11D3-BF4B-00C04F79EFBC}") = "Framework.Api", "Framework.Api\Framework.Api.csproj", "{C917A71A-28DA-4C23-AE8D-F39DAE010C55}"
EndProject
Project("{FAE04EC0-301F-11D3-BF4B-00C04F79EFBC}") = "Framework.Application", "Framework.Application\Framework.Application.csproj", "{B2D2DBAB-4B0C-436B-A839-3B8974A3690C}"
EndProject
Project("{FAE04EC0-301F-11D3-BF4B-00C04F79EFBC}") = "Framework.Config", "Framework.Config\Framework.Config.csproj", "{0DCC4F7D-C770-4CD5-9E76-250E5B147509}"
EndProject
Project("{FAE04EC0-301F-11D3-BF4B-00C04F79EFBC}") = "Framework.Core", "Framework.Core\Framework.Core.csproj", "{D6C2E26E-F2ED-47FC-B456-F5E4F86CDE6C}"
EndProject
Project("{FAE04EC0-301F-11D3-BF4B-00C04F79EFBC}") = "Framework.Domain.Model", "Framework.Domain.Model\Framework.Domain.Model.csproj", "{06C4FA6D-9D74-4299-8777-5B500FA97FB7}"
EndProject
Project("{FAE04EC0-301F-11D3-BF4B-00C04F79EFBC}") = "UserManagement.Application", "UserManagement.Application\UserManagement.Application.csproj", "{E98A980A-C1FC-4BF7-A5A5-DD4636FEF2B1}"
EndProject
Project("{FAE04EC0-301F-11D3-BF4B-00C04F79EFBC}") = "UserManagement.Config", "UserManagement.Config\UserManagement.Config.csproj", "{51D2E2F2-6537-4882-80D6-5498CB8C45D2}"
EndProject
Project("{FAE04EC0-301F-11D3-BF4B-00C04F79EFBC}") = "UserManagement.Domain", "UserManagement.Domain\UserManagement.Domain.csproj", "{E705E52E-E3EC-416F-8047-580B4AE12339}"
EndProject
Project("{FAE04EC0-301F-11D3-BF4B-00C04F79EFBC}") = "UserManagement.Infrastructure", "UserManagement.Infrastructure\UserManagement.Infrastructure.csproj", "{79FB5349-48EC-4CEB-BB57-23379EB2D67C}"
EndProject
Project("{FAE04EC0-301F-11D3-BF4B-00C04F79EFBC}") = "UserManagement.Persistance.EF", "UserManagement.Persistance.EF\UserManagement.Persistance.EF.csproj", "{BCC65987-6FB0-4C7D-A720-F61D64289843}"
EndProject
Project("{FAE04EC0-301F-11D3-BF4B-00C04F79EFBC}") = "UserManagement.Presentation", "UserManagement.Presentation\UserManagement.Presentation.csproj", "{C1111ECC-DAA0-4AC5-878A-8FF24E08FFF2}"
EndProject
Project("{FAE04EC0-301F-11D3-BF4B-00C04F79EFBC}") = "UserManagement.API", "UserManagement.API\UserManagement.API.csproj", "{5DCEFE18-3489-446A-B083-4C37BC934F7F}"
EndProject
Project("{FAE04EC0-301F-11D3-BF4B-00C04F79EFBC}") = "CalculateGeographical.API", "CalculateGeographical.API\CalculateGeographical.API.csproj", "{7C63A29C-8FAD-40AF-BD75-C6E0248FF891}"
EndProject
Project("{FAE04EC0-301F-11D3-BF4B-00C04F79EFBC}") = "UserManagement.UI", "UserManagement.UI\UserManagement.UI.csproj", "{5505CCD6-F145-4DE7-B5A5-7BB59B58A677}"
EndProject
Global
	GlobalSection(SolutionConfigurationPlatforms) = preSolution
		Debug|Any CPU = Debug|Any CPU
		Release|Any CPU = Release|Any CPU
	EndGlobalSection
	GlobalSection(ProjectConfigurationPlatforms) = postSolution
		{C917A71A-28DA-4C23-AE8D-F39DAE010C55}.Debug|Any CPU.ActiveCfg = Debug|Any CPU
		{C917A71A-28DA-4C23-AE8D-F39DAE010C55}.Debug|Any CPU.Build.0 = Debug|Any CPU
		{C917A71A-28DA-4C23-AE8D-F39DAE010C55}.Release|Any CPU.ActiveCfg = Release|Any CPU
		{C917A71A-28DA-4C23-AE8D-F39DAE010C55}.Release|Any CPU.Build.0 = Release|Any CPU
		{B2D2DBAB-4B0C-436B-A839-3B8974A3690C}.Debug|Any CPU.ActiveCfg = Debug|Any CPU
		{B2D2DBAB-4B0C-436B-A839-3B8974A3690C}.Debug|Any CPU.Build.0 = Debug|Any CPU
		{B2D2DBAB-4B0C-436B-A839-3B8974A3690C}.Release|Any CPU.ActiveCfg = Release|Any CPU
		{B2D2DBAB-4B0C-436B-A839-3B8974A3690C}.Release|Any CPU.Build.0 = Release|Any CPU
		{0DCC4F7D-C770-4CD5-9E76-250E5B147509}.Debug|Any CPU.ActiveCfg = Debug|Any CPU
		{0DCC4F7D-C770-4CD5-9E76-250E5B147509}.Debug|Any CPU.Build.0 = Debug|Any CPU
		{0DCC4F7D-C770-4CD5-9E76-250E5B147509}.Release|Any CPU.ActiveCfg = Release|Any CPU
		{0DCC4F7D-C770-4CD5-9E76-250E5B147509}.Release|Any CPU.Build.0 = Release|Any CPU
		{D6C2E26E-F2ED-47FC-B456-F5E4F86CDE6C}.Debug|Any CPU.ActiveCfg = Debug|Any CPU
		{D6C2E26E-F2ED-47FC-B456-F5E4F86CDE6C}.Debug|Any CPU.Build.0 = Debug|Any CPU
		{D6C2E26E-F2ED-47FC-B456-F5E4F86CDE6C}.Release|Any CPU.ActiveCfg = Release|Any CPU
		{D6C2E26E-F2ED-47FC-B456-F5E4F86CDE6C}.Release|Any CPU.Build.0 = Release|Any CPU
		{06C4FA6D-9D74-4299-8777-5B500FA97FB7}.Debug|Any CPU.ActiveCfg = Debug|Any CPU
		{06C4FA6D-9D74-4299-8777-5B500FA97FB7}.Debug|Any CPU.Build.0 = Debug|Any CPU
		{06C4FA6D-9D74-4299-8777-5B500FA97FB7}.Release|Any CPU.ActiveCfg = Release|Any CPU
		{06C4FA6D-9D74-4299-8777-5B500FA97FB7}.Release|Any CPU.Build.0 = Release|Any CPU
		{E98A980A-C1FC-4BF7-A5A5-DD4636FEF2B1}.Debug|Any CPU.ActiveCfg = Debug|Any CPU
		{E98A980A-C1FC-4BF7-A5A5-DD4636FEF2B1}.Debug|Any CPU.Build.0 = Debug|Any CPU
		{E98A980A-C1FC-4BF7-A5A5-DD4636FEF2B1}.Release|Any CPU.ActiveCfg = Release|Any CPU
		{E98A980A-C1FC-4BF7-A5A5-DD4636FEF2B1}.Release|Any CPU.Build.0 = Release|Any CPU
		{51D2E2F2-6537-4882-80D6-5498CB8C45D2}.Debug|Any CPU.ActiveCfg = Debug|Any CPU
		{51D2E2F2-6537-4882-80D6-5498CB8C45D2}.Debug|Any CPU.Build.0 = Debug|Any CPU
		{51D2E2F2-6537-4882-80D6-5498CB8C45D2}.Release|Any CPU.ActiveCfg = Release|Any CPU
		{51D2E2F2-6537-4882-80D6-5498CB8C45D2}.Release|Any CPU.Build.0 = Release|Any CPU
		{E705E52E-E3EC-416F-8047-580B4AE12339}.Debug|Any CPU.ActiveCfg = Debug|Any CPU
		{E705E52E-E3EC-416F-8047-580B4AE12339}.Debug|Any CPU.Build.0 = Debug|Any CPU
		{E705E52E-E3EC-416F-8047-580B4AE12339}.Release|Any CPU.ActiveCfg = Release|Any CPU
		{E705E52E-E3EC-416F-8047-580B4AE12339}.Release|Any CPU.Build.0 = Release|Any CPU
		{79FB5349-48EC-4CEB-BB57-23379EB2D67C}.Debug|Any CPU.ActiveCfg = Debug|Any CPU
		{79FB5349-48EC-4CEB-BB57-23379EB2D67C}.Debug|Any CPU.Build.0 = Debug|Any CPU
		{79FB5349-48EC-4CEB-BB57-23379EB2D67C}.Release|Any CPU.ActiveCfg = Release|Any CPU
		{79FB5349-48EC-4CEB-BB57-23379EB2D67C}.Release|Any CPU.Build.0 = Release|Any CPU
		{BCC65987-6FB0-4C7D-A720-F61D64289843}.Debug|Any CPU.ActiveCfg = Debug|Any CPU
		{BCC65987-6FB0-4C7D-A720-F61D64289843}.Debug|Any CPU.Build.0 = Debug|Any CPU
		{BCC65987-6FB0-4C7D-A720-F61D64289843}.Release|Any CPU.ActiveCfg = Release|Any CPU
		{BCC65987-6FB0-4C7D-A720-F61D64289843}.Release|Any CPU.Build.0 = Release|Any CPU
		{C1111ECC-DAA0-4AC5-878A-8FF24E08FFF2}.Debug|Any CPU.ActiveCfg = Debug|Any CPU
		{C1111ECC-DAA0-4AC5-878A-8FF24E08FFF2}.Debug|Any CPU.Build.0 = Debug|Any CPU
		{C1111ECC-DAA0-4AC5-878A-8FF24E08FFF2}.Release|Any CPU.ActiveCfg = Release|Any CPU
		{C1111ECC-DAA0-4AC5-878A-8FF24E08FFF2}.Release|Any CPU.Build.0 = Release|Any CPU
		{5DCEFE18-3489-446A-B083-4C37BC934F7F}.Debug|Any CPU.ActiveCfg = Debug|Any CPU
		{5DCEFE18-3489-446A-B083-4C37BC934F7F}.Debug|Any CPU.Build.0 = Debug|Any CPU
		{5DCEFE18-3489-446A-B083-4C37BC934F7F}.Release|Any CPU.ActiveCfg = Release|Any CPU
		{5DCEFE18-3489-446A-B083-4C37BC934F7F}.Release|Any CPU.Build.0 = Release|Any CPU
		{7C63A29C-8FAD-40AF-BD75-C6E0248FF891}.Debug|Any CPU.ActiveCfg = Debug|Any CPU
		{7C63A29C-8FAD-40AF-BD75-C6E0248FF891}.Debug|Any CPU.Build.0 = Debug|Any CPU
		{7C63A29C-8FAD-40AF-BD75-C6E0248FF891}.Release|Any CPU.ActiveCfg = Release|Any CPU
		{7C63A29C-8FAD-40AF-BD75-C6E0248FF891}.Release|Any CPU.Build.0 = Release|Any CPU
		{5505CCD6-F145-4DE7-B5A5-7BB59B58A677}.Debug|Any CPU.ActiveCfg = Debug|Any CPU
		{5505CCD6-F145-4DE7-B5A5-7BB59B58A677}.Debug|Any CPU.Build.0 = Debug|Any CPU
		{5505CCD6-F145-4DE7-B5A5-7BB59B58A677}.Release|Any CPU.ActiveCfg = Release|Any CPU
		{5505CCD6-F145-4DE7-B5A5-7BB59B58A677}.Release|Any CPU.Build.0 = Release|Any CPU
	EndGlobalSection
	GlobalSection(SolutionProperties) = preSolution
		HideSolutionNode = FALSE
	EndGlobalSection
	GlobalSection(NestedProjects) = preSolution
		{C917A71A-28DA-4C23-AE8D-F39DAE010C55} = {BD6DA34F-E6AC-475D-B781-C06363587958}
		{B2D2DBAB-4B0C-436B-A839-3B8974A3690C} = {BD6DA34F-E6AC-475D-B781-C06363587958}
		{0DCC4F7D-C770-4CD5-9E76-250E5B147509} = {BD6DA34F-E6AC-475D-B781-C06363587958}
		{D6C2E26E-F2ED-47FC-B456-F5E4F86CDE6C} = {BD6DA34F-E6AC-475D-B781-C06363587958}
		{06C4FA6D-9D74-4299-8777-5B500FA97FB7} = {BD6DA34F-E6AC-475D-B781-C06363587958}
		{E98A980A-C1FC-4BF7-A5A5-DD4636FEF2B1} = {6639D50A-005E-4ED8-AE54-47179FD8908F}
		{51D2E2F2-6537-4882-80D6-5498CB8C45D2} = {6639D50A-005E-4ED8-AE54-47179FD8908F}
		{E705E52E-E3EC-416F-8047-580B4AE12339} = {6639D50A-005E-4ED8-AE54-47179FD8908F}
		{79FB5349-48EC-4CEB-BB57-23379EB2D67C} = {6639D50A-005E-4ED8-AE54-47179FD8908F}
		{BCC65987-6FB0-4C7D-A720-F61D64289843} = {6639D50A-005E-4ED8-AE54-47179FD8908F}
		{C1111ECC-DAA0-4AC5-878A-8FF24E08FFF2} = {6639D50A-005E-4ED8-AE54-47179FD8908F}
		{5DCEFE18-3489-446A-B083-4C37BC934F7F} = {6639D50A-005E-4ED8-AE54-47179FD8908F}
		{7C63A29C-8FAD-40AF-BD75-C6E0248FF891} = {BB7FF5EF-F283-48A6-8951-5D7FDFDB26E8}
		{5505CCD6-F145-4DE7-B5A5-7BB59B58A677} = {6639D50A-005E-4ED8-AE54-47179FD8908F}
	EndGlobalSection
	GlobalSection(ExtensibilityGlobals) = postSolution
		SolutionGuid = {4FEE48E9-8972-4B7E-B703-D1DA0C1A9D8C}
	EndGlobalSection
EndGlobal
